
Microsoft Visual Studio Solution File, Format Version 12.00
# Visual Studio Version 17
VisualStudioVersion = 17.3.32929.385
MinimumVisualStudioVersion = 10.0.40219.1
Project("{9A19103F-16F7-4668-BE54-9A1E7A4F7556}") = "ItineRoo.WebAPI", "ItineRoo.WebAPI\ItineRoo.WebAPI.csproj", "{C06C5D5B-5854-433C-822D-50BFC611E553}"
EndProject
Project("{FAE04EC0-301F-11D3-BF4B-00C04F79EFBC}") = "DataAccess", "DataAccess\DataAccess.csproj", "{F6051BFB-80B6-44DA-9C26-B3F8FA6A70A0}"
EndProject
Global
	GlobalSection(SolutionConfigurationPlatforms) = preSolution
		Debug|Any CPU = Debug|Any CPU
		Release|Any CPU = Release|Any CPU
	EndGlobalSection
	GlobalSection(ProjectConfigurationPlatforms) = postSolution
		{C06C5D5B-5854-433C-822D-50BFC611E553}.Debug|Any CPU.ActiveCfg = Debug|Any CPU
		{C06C5D5B-5854-433C-822D-50BFC611E553}.Debug|Any CPU.Build.0 = Debug|Any CPU
		{C06C5D5B-5854-433C-822D-50BFC611E553}.Release|Any CPU.ActiveCfg = Release|Any CPU
		{C06C5D5B-5854-433C-822D-50BFC611E553}.Release|Any CPU.Build.0 = Release|Any CPU
		{F6051BFB-80B6-44DA-9C26-B3F8FA6A70A0}.Debug|Any CPU.ActiveCfg = Debug|Any CPU
		{F6051BFB-80B6-44DA-9C26-B3F8FA6A70A0}.Debug|Any CPU.Build.0 = Debug|Any CPU
		{F6051BFB-80B6-44DA-9C26-B3F8FA6A70A0}.Release|Any CPU.ActiveCfg = Release|Any CPU
		{F6051BFB-80B6-44DA-9C26-B3F8FA6A70A0}.Release|Any CPU.Build.0 = Release|Any CPU
	EndGlobalSection
	GlobalSection(SolutionProperties) = preSolution
		HideSolutionNode = FALSE
	EndGlobalSection
	GlobalSection(ExtensibilityGlobals) = postSolution
		SolutionGuid = {B680F00D-DC70-4884-8FDC-AD1AC3099580}
	EndGlobalSection
EndGlobal
